
Microsoft Visual Studio Solution File, Format Version 12.00
# Visual Studio 15
VisualStudioVersion = 15.0.27703.2000
MinimumVisualStudioVersion = 10.0.40219.1
Project("{9A19103F-16F7-4668-BE54-9A1E7A4F7556}") = "CoreServicio", "CoreServicio\CoreServicio.csproj", "{B5242842-DB98-4048-890C-48914C13A301}"
EndProject
Project("{9A19103F-16F7-4668-BE54-9A1E7A4F7556}") = "Datos", "Datos\Datos.csproj", "{95ED815E-B62D-4B58-BA4F-395C3F395A2F}"
EndProject
Project("{9A19103F-16F7-4668-BE54-9A1E7A4F7556}") = "Externos", "Externos\Externos.csproj", "{491EEE36-E519-47E6-862C-163688EF0C5C}"
EndProject
Project("{9A19103F-16F7-4668-BE54-9A1E7A4F7556}") = "Entidades", "Entidades\Entidades.csproj", "{D06D15A8-F4E2-4DD2-8F7D-340A87F4CE27}"
EndProject
Global
	GlobalSection(SolutionConfigurationPlatforms) = preSolution
		Debug|Any CPU = Debug|Any CPU
		Release|Any CPU = Release|Any CPU
	EndGlobalSection
	GlobalSection(ProjectConfigurationPlatforms) = postSolution
		{B5242842-DB98-4048-890C-48914C13A301}.Debug|Any CPU.ActiveCfg = Debug|Any CPU
		{B5242842-DB98-4048-890C-48914C13A301}.Debug|Any CPU.Build.0 = Debug|Any CPU
		{B5242842-DB98-4048-890C-48914C13A301}.Release|Any CPU.ActiveCfg = Release|Any CPU
		{B5242842-DB98-4048-890C-48914C13A301}.Release|Any CPU.Build.0 = Release|Any CPU
		{95ED815E-B62D-4B58-BA4F-395C3F395A2F}.Debug|Any CPU.ActiveCfg = Debug|Any CPU
		{95ED815E-B62D-4B58-BA4F-395C3F395A2F}.Debug|Any CPU.Build.0 = Debug|Any CPU
		{95ED815E-B62D-4B58-BA4F-395C3F395A2F}.Release|Any CPU.ActiveCfg = Release|Any CPU
		{95ED815E-B62D-4B58-BA4F-395C3F395A2F}.Release|Any CPU.Build.0 = Release|Any CPU
		{491EEE36-E519-47E6-862C-163688EF0C5C}.Debug|Any CPU.ActiveCfg = Debug|Any CPU
		{491EEE36-E519-47E6-862C-163688EF0C5C}.Debug|Any CPU.Build.0 = Debug|Any CPU
		{491EEE36-E519-47E6-862C-163688EF0C5C}.Release|Any CPU.ActiveCfg = Release|Any CPU
		{491EEE36-E519-47E6-862C-163688EF0C5C}.Release|Any CPU.Build.0 = Release|Any CPU
		{D06D15A8-F4E2-4DD2-8F7D-340A87F4CE27}.Debug|Any CPU.ActiveCfg = Debug|Any CPU
		{D06D15A8-F4E2-4DD2-8F7D-340A87F4CE27}.Debug|Any CPU.Build.0 = Debug|Any CPU
		{D06D15A8-F4E2-4DD2-8F7D-340A87F4CE27}.Release|Any CPU.ActiveCfg = Release|Any CPU
		{D06D15A8-F4E2-4DD2-8F7D-340A87F4CE27}.Release|Any CPU.Build.0 = Release|Any CPU
	EndGlobalSection
	GlobalSection(SolutionProperties) = preSolution
		HideSolutionNode = FALSE
	EndGlobalSection
	GlobalSection(ExtensibilityGlobals) = postSolution
		SolutionGuid = {C006E23A-10EF-431A-8F61-7075674A9FC0}
	EndGlobalSection
EndGlobal
